# This file is automatically @generated by Poetry 1.6.1 and should not be changed by hand.

[[package]]
name = "anyio"
version = "4.0.0"
description = "High level compatibility layer for multiple asynchronous event loop implementations"
optional = false
python-versions = ">=3.8"
files = [
    {file = "anyio-4.0.0-py3-none-any.whl", hash = "sha256:cfdb2b588b9fc25ede96d8db56ed50848b0b649dca3dd1df0b11f683bb9e0b5f"},
    {file = "anyio-4.0.0.tar.gz", hash = "sha256:f7ed51751b2c2add651e5747c891b47e26d2a21be5d32d9311dfe9692f3e5d7a"},
]

[package.dependencies]
idna = ">=2.8"
sniffio = ">=1.1"

[package.extras]
doc = ["Sphinx (>=7)", "packaging", "sphinx-autodoc-typehints (>=1.2.0)"]
test = ["anyio[trio]", "coverage[toml] (>=7)", "hypothesis (>=4.0)", "psutil (>=5.9)", "pytest (>=7.0)", "pytest-mock (>=3.6.1)", "trustme", "uvloop (>=0.17)"]
trio = ["trio (>=0.22)"]

[[package]]
name = "asgiref"
version = "3.7.2"
description = "ASGI specs, helper code, and adapters"
optional = false
python-versions = ">=3.7"
files = [
    {file = "asgiref-3.7.2-py3-none-any.whl", hash = "sha256:89b2ef2247e3b562a16eef663bc0e2e703ec6468e2fa8a5cd61cd449786d4f6e"},
    {file = "asgiref-3.7.2.tar.gz", hash = "sha256:9e0ce3aa93a819ba5b45120216b23878cf6e8525eb3848653452b4192b92afed"},
]

[package.extras]
tests = ["mypy (>=0.800)", "pytest", "pytest-asyncio"]

[[package]]
name = "attrs"
version = "23.1.0"
description = "Classes Without Boilerplate"
optional = false
python-versions = ">=3.7"
files = [
    {file = "attrs-23.1.0-py3-none-any.whl", hash = "sha256:1f28b4522cdc2fb4256ac1a020c78acf9cba2c6b461ccd2c126f3aa8e8335d04"},
    {file = "attrs-23.1.0.tar.gz", hash = "sha256:6279836d581513a26f1bf235f9acd333bc9115683f14f7e8fae46c98fc50e015"},
]

[package.extras]
cov = ["attrs[tests]", "coverage[toml] (>=5.3)"]
dev = ["attrs[docs,tests]", "pre-commit"]
docs = ["furo", "myst-parser", "sphinx", "sphinx-notfound-page", "sphinxcontrib-towncrier", "towncrier", "zope-interface"]
tests = ["attrs[tests-no-zope]", "zope-interface"]
tests-no-zope = ["cloudpickle", "hypothesis", "mypy (>=1.1.1)", "pympler", "pytest (>=4.3.0)", "pytest-mypy-plugins", "pytest-xdist[psutil]"]

[[package]]
name = "click"
version = "8.1.7"
description = "Composable command line interface toolkit"
optional = false
python-versions = ">=3.7"
files = [
    {file = "click-8.1.7-py3-none-any.whl", hash = "sha256:ae74fb96c20a0277a1d615f1e4d73c8414f5a98db8b799a7931d1582f3390c28"},
    {file = "click-8.1.7.tar.gz", hash = "sha256:ca9853ad459e787e2192211578cc907e7594e294c7ccc834310722b41b9ca6de"},
]

[package.dependencies]
colorama = {version = "*", markers = "platform_system == \"Windows\""}

[[package]]
name = "colorama"
version = "0.4.6"
description = "Cross-platform colored terminal text."
optional = false
python-versions = "!=3.0.*,!=3.1.*,!=3.2.*,!=3.3.*,!=3.4.*,!=3.5.*,!=3.6.*,>=2.7"
files = [
    {file = "colorama-0.4.6-py2.py3-none-any.whl", hash = "sha256:4f1d9991f5acc0ca119f9d443620b77f9d6b33703e51011c16baf57afb285fc6"},
    {file = "colorama-0.4.6.tar.gz", hash = "sha256:08695f5cb7ed6e0531a20572697297273c47b8cae5a63ffc6d6ed5c201be6e44"},
]

[[package]]
name = "django"
version = "4.2.7"
description = "A high-level Python web framework that encourages rapid development and clean, pragmatic design."
optional = false
python-versions = ">=3.8"
files = [
    {file = "Django-4.2.7-py3-none-any.whl", hash = "sha256:e1d37c51ad26186de355cbcec16613ebdabfa9689bbade9c538835205a8abbe9"},
    {file = "Django-4.2.7.tar.gz", hash = "sha256:8e0f1c2c2786b5c0e39fe1afce24c926040fad47c8ea8ad30aaf1188df29fc41"},
]

[package.dependencies]
asgiref = ">=3.6.0,<4"
sqlparse = ">=0.3.1"
tzdata = {version = "*", markers = "sys_platform == \"win32\""}

[package.extras]
argon2 = ["argon2-cffi (>=19.1.0)"]
bcrypt = ["bcrypt"]

[[package]]
name = "django-environ"
version = "0.11.2"
description = "A package that allows you to utilize 12factor inspired environment variables to configure your Django application."
optional = false
python-versions = ">=3.6,<4"
files = [
    {file = "django-environ-0.11.2.tar.gz", hash = "sha256:f32a87aa0899894c27d4e1776fa6b477e8164ed7f6b3e410a62a6d72caaf64be"},
    {file = "django_environ-0.11.2-py2.py3-none-any.whl", hash = "sha256:0ff95ab4344bfeff693836aa978e6840abef2e2f1145adff7735892711590c05"},
]

[package.extras]
develop = ["coverage[toml] (>=5.0a4)", "furo (>=2021.8.17b43,<2021.9.dev0)", "pytest (>=4.6.11)", "sphinx (>=3.5.0)", "sphinx-notfound-page"]
docs = ["furo (>=2021.8.17b43,<2021.9.dev0)", "sphinx (>=3.5.0)", "sphinx-notfound-page"]
testing = ["coverage[toml] (>=5.0a4)", "pytest (>=4.6.11)"]

[[package]]
name = "granian"
version = "0.7.1"
description = "A Rust HTTP server for Python applications"
optional = false
python-versions = ">=3.8"
files = [
    {file = "granian-0.7.1-cp310-cp310-macosx_10_7_x86_64.whl", hash = "sha256:3374b66020fce18ed98cb112b47d4c0c33a0b525aaef4fd6b3f27793a793d7f3"},
    {file = "granian-0.7.1-cp310-cp310-macosx_11_0_arm64.whl", hash = "sha256:62e46416320c40c8fa31a78b69ce0cdf54727089f287c7be5ae5294907543478"},
    {file = "granian-0.7.1-cp310-cp310-manylinux_2_17_aarch64.manylinux2014_aarch64.whl", hash = "sha256:5e852c1754b07da91b69ba93d70ad4386e0e00d8885702de69db6afbe618230a"},
    {file = "granian-0.7.1-cp310-cp310-manylinux_2_17_x86_64.manylinux2014_x86_64.whl", hash = "sha256:3ea28406a0a56e4478788c8fbf0ff8d72cd77a54038c9456335af1e8e07f426d"},
    {file = "granian-0.7.1-cp310-cp310-musllinux_1_1_aarch64.whl", hash = "sha256:0e303a6ac1e3094b16660203b556280449c825055222853ded5086a55d28f32e"},
    {file = "granian-0.7.1-cp310-cp310-musllinux_1_1_x86_64.whl", hash = "sha256:4635a52fca5514597d22f7f003b407efca6eb8d35c832e2a0ea1639980736737"},
    {file = "granian-0.7.1-cp310-none-win_amd64.whl", hash = "sha256:158f4a036dc6179fd6e44e1cef9053b3431549478b65946e290a8b193d1a513e"},
    {file = "granian-0.7.1-cp311-cp311-macosx_10_7_x86_64.whl", hash = "sha256:9400d7392ca3e139d8b3260631b6d021cc1508e420f1d129ebbfb91149d36c30"},
    {file = "granian-0.7.1-cp311-cp311-macosx_11_0_arm64.whl", hash = "sha256:4c6c09395b9ba78ddf7a2a3b0791bb32fda285ad7109b682866718631cc73a0c"},
    {file = "granian-0.7.1-cp311-cp311-manylinux_2_17_aarch64.manylinux2014_aarch64.whl", hash = "sha256:5294125521564779325043f0327956f4fef2482489ca74e9ae0439a0e7179471"},
    {file = "granian-0.7.1-cp311-cp311-manylinux_2_17_x86_64.manylinux2014_x86_64.whl", hash = "sha256:e5eb30c27d8d7c6fe6ed09286b603aa1e039b0145237e5b0a68bded6609aa708"},
    {file = "granian-0.7.1-cp311-cp311-musllinux_1_1_aarch64.whl", hash = "sha256:1f9dd24e38fad7f2557cb1d927f032c0c3ebc664e58b1c4ee8c80f231ff9e92c"},
    {file = "granian-0.7.1-cp311-cp311-musllinux_1_1_x86_64.whl", hash = "sha256:c7ed3b21676878b5fd4ec4ce39ffda9ef37136e5fe5d6bf8fb975b84eddb883b"},
    {file = "granian-0.7.1-cp311-none-win_amd64.whl", hash = "sha256:bd66837fc11e3910bb6d1f39a58fb36412da66cc96dcfc1cd62e1955d8704ee3"},
    {file = "granian-0.7.1-cp312-cp312-macosx_10_7_x86_64.whl", hash = "sha256:4a562cacb53db87492828392816d37d19722a690d92db9877f5800d1cafa69e8"},
    {file = "granian-0.7.1-cp312-cp312-macosx_11_0_arm64.whl", hash = "sha256:e5d5414251fae3ccffe2c522bacb6ac0ad5096bb79fef760298aa1219ddaeef2"},
    {file = "granian-0.7.1-cp312-cp312-manylinux_2_17_aarch64.manylinux2014_aarch64.whl", hash = "sha256:bce3e411f71f1c793839dba5326e3ac63e76a8d744a70c4e9e07ec8f6ddab071"},
    {file = "granian-0.7.1-cp312-cp312-manylinux_2_17_x86_64.manylinux2014_x86_64.whl", hash = "sha256:12d81bd887c10ffd524a6adca3e90aa7e96a4503a824abab0ab985def8b5e2ea"},
    {file = "granian-0.7.1-cp312-cp312-musllinux_1_1_aarch64.whl", hash = "sha256:18ec6e8088a5e464790b189f5f7b11a6ed0930f0adb43c3e23af6c3f339be657"},
    {file = "granian-0.7.1-cp312-cp312-musllinux_1_1_x86_64.whl", hash = "sha256:1861b91271787e68b6a739f1f3b1201a6ea772753bdb7af50269d3de0f545c38"},
    {file = "granian-0.7.1-cp312-none-win_amd64.whl", hash = "sha256:2e780582341d0dbbadc90425f01e9e15f336961df8c1b4dae3f134a79018d3d9"},
    {file = "granian-0.7.1-cp38-cp38-macosx_10_7_x86_64.whl", hash = "sha256:6dc21bd07932526f49bbda8fda7eb53e3237eee06091411ab413988737001098"},
    {file = "granian-0.7.1-cp38-cp38-macosx_11_0_arm64.whl", hash = "sha256:32d7ddad04aef04355fc15bcecab6a35d1eaf39b77821d257df62da619e40c28"},
    {file = "granian-0.7.1-cp38-cp38-manylinux_2_17_aarch64.manylinux2014_aarch64.whl", hash = "sha256:c9b2457672afcbd2af3ac29a7402d3ba5b94d805907894a4bfec42a90800da9f"},
    {file = "granian-0.7.1-cp38-cp38-manylinux_2_17_x86_64.manylinux2014_x86_64.whl", hash = "sha256:07beccb6d89ac9ff5572c5a81959c43af1222f99be867e43414ee72b8a8c1f3a"},
    {file = "granian-0.7.1-cp38-cp38-musllinux_1_1_aarch64.whl", hash = "sha256:cd0da8104fdc00c8432c49e715cc5020fa2518a5bf9838c5db8c4f1a649926b8"},
    {file = "granian-0.7.1-cp38-cp38-musllinux_1_1_x86_64.whl", hash = "sha256:20fe711f5d0c2384d6ffc891b56b727c93ade56f4017ee39438bafe934a4906d"},
    {file = "granian-0.7.1-cp38-none-win_amd64.whl", hash = "sha256:3faeeab2b70bfa916ede6ed39b922f8967592ca29134a8adc834fde818fa6954"},
    {file = "granian-0.7.1-cp39-cp39-macosx_10_7_x86_64.whl", hash = "sha256:2cc07ee6b1f42c7684a9699e20ff6ed2a5f51318916f9ebf889ef471048d26cc"},
    {file = "granian-0.7.1-cp39-cp39-macosx_11_0_arm64.whl", hash = "sha256:7fa10e1e9bac68cb6f8c9e101dfec1a17353ec4c57bccb9b9324b46def5f1de0"},
    {file = "granian-0.7.1-cp39-cp39-manylinux_2_17_aarch64.manylinux2014_aarch64.whl", hash = "sha256:de6beb438c95617ef74cfbaf3be2a7c6d5bfd5edf6f1fbd339ff642ebea4f52f"},
    {file = "granian-0.7.1-cp39-cp39-manylinux_2_17_x86_64.manylinux2014_x86_64.whl", hash = "sha256:8b0be9789586832d559f042a748762a11c4c176b1754a47ec739a6f1ff0b374f"},
    {file = "granian-0.7.1-cp39-cp39-musllinux_1_1_aarch64.whl", hash = "sha256:d6e76730a47c432db291b670dd6c43db22a3c2a820886bd3152df41ff0b6f960"},
    {file = "granian-0.7.1-cp39-cp39-musllinux_1_1_x86_64.whl", hash = "sha256:db875094e7e89ed2c3ea2c1455f882405c33c2403c0d851bbea989bf4e737f24"},
    {file = "granian-0.7.1-cp39-none-win_amd64.whl", hash = "sha256:07fac6f89fb7b381d6f803eaa5bf5142000fde913afeb9b585fd334ecffd28e2"},
    {file = "granian-0.7.1-pp310-pypy310_pp73-macosx_10_7_x86_64.whl", hash = "sha256:755b2ca5d2976a6aecec0480643840da56c28ebc461f457c21208e6fb2977532"},
    {file = "granian-0.7.1-pp310-pypy310_pp73-macosx_11_0_arm64.whl", hash = "sha256:1f85d341b199e664b6090e7f4f615575d10cb61987dfea863cb66091464b4f9a"},
    {file = "granian-0.7.1-pp310-pypy310_pp73-manylinux_2_17_aarch64.manylinux2014_aarch64.whl", hash = "sha256:0761f80a8dcb938fc18229c8d347808eb89ca97bd4641343674077d383317d08"},
    {file = "granian-0.7.1-pp310-pypy310_pp73-manylinux_2_17_x86_64.manylinux2014_x86_64.whl", hash = "sha256:f9b81d4ae15fe4747b65a3d74a9ce189215717da56a18b82a69ea0337978f3f7"},
    {file = "granian-0.7.1-pp310-pypy310_pp73-musllinux_1_1_aarch64.whl", hash = "sha256:932cd30f9f30d552fd0435e4ea5d917bf6e2c065ae984e7887b0bbb451bab355"},
    {file = "granian-0.7.1-pp310-pypy310_pp73-musllinux_1_1_x86_64.whl", hash = "sha256:734a92c667ee18f5f7d7fcf8296776903d15df8b80c8be2dff79f412e5a23b98"},
    {file = "granian-0.7.1-pp310-pypy310_pp73-win_amd64.whl", hash = "sha256:007b376d23d35c21912523ea39fc675f64f622161246bd6551fe9c775483504f"},
    {file = "granian-0.7.1-pp38-pypy38_pp73-manylinux_2_17_aarch64.manylinux2014_aarch64.whl", hash = "sha256:d71c7aa7e755feb86587f64debcdb92fa9681d11a8cf4ffafb163e3f69be02df"},
    {file = "granian-0.7.1-pp38-pypy38_pp73-manylinux_2_17_x86_64.manylinux2014_x86_64.whl", hash = "sha256:58aab1c0561c2b9794faae29173f8d7de883a04ef16a406731bace6a82c217f3"},
    {file = "granian-0.7.1-pp38-pypy38_pp73-musllinux_1_1_aarch64.whl", hash = "sha256:a2d9ff94da3b58a7ddc4e8bafae3c55bae2c33af589216c7cb7291da5b69d3d9"},
    {file = "granian-0.7.1-pp38-pypy38_pp73-musllinux_1_1_x86_64.whl", hash = "sha256:fa8ee3870a37d7c266d52fb89f76abcd35f07c5ae54d1714bbd1916b2cd964b0"},
    {file = "granian-0.7.1-pp38-pypy38_pp73-win_amd64.whl", hash = "sha256:edb964ae23d77c7ab7ab978cff19363dc259ae1c0e94c28a9a327a92aed12fa2"},
    {file = "granian-0.7.1-pp39-pypy39_pp73-macosx_10_7_x86_64.whl", hash = "sha256:641a1ea515f41f0c7a2094bc60296a26451ab89654bbed0457895cdcd08b52ef"},
    {file = "granian-0.7.1-pp39-pypy39_pp73-macosx_11_0_arm64.whl", hash = "sha256:c953a305f601898e76d62232f33b8fa19c9efec9ec8dd91ef51bd8017d60d151"},
    {file = "granian-0.7.1-pp39-pypy39_pp73-manylinux_2_17_aarch64.manylinux2014_aarch64.whl", hash = "sha256:684326570a768eb5875464b97ed0c4bccde5e213f97b2e1312d0c852f3b64809"},
    {file = "granian-0.7.1-pp39-pypy39_pp73-manylinux_2_17_x86_64.manylinux2014_x86_64.whl", hash = "sha256:eab8e5ac346967e444ed412605862b57e4915650c5f44f28a16b42c9f6a45747"},
    {file = "granian-0.7.1-pp39-pypy39_pp73-musllinux_1_1_aarch64.whl", hash = "sha256:b5625f97869c23ceae22b355be1066dec3c84537067ee89516b99267f8404613"},
    {file = "granian-0.7.1-pp39-pypy39_pp73-musllinux_1_1_x86_64.whl", hash = "sha256:b8350f75bc9c2c47d7ba03ea578d7b12aff9aec78e0c889869a2dd7fca71cc9c"},
    {file = "granian-0.7.1-pp39-pypy39_pp73-win_amd64.whl", hash = "sha256:f43ca31fcff9017943e7d9150be59cf94e8d94a7fd20fa6a0b4fa5763638ed72"},
    {file = "granian-0.7.1.tar.gz", hash = "sha256:4266a88eda144232af85c2a788b7e54524a5a0da78a7421216ed6a4cb550505a"},
]

[package.dependencies]
typer = ">=0.4.2"
uvloop = {version = ">=0.18.0,<0.19.0", markers = "sys_platform != \"win32\" and platform_python_implementation == \"CPython\""}
watchfiles = ">=0.21,<1.0"

[package.extras]
lint = ["black (>=23.9.0,<23.10.0)", "ruff (>=0.0.292,<0.1.0)"]
test = ["httpx (>=0.25.0,<0.26.0)", "pytest (>=7.4.2,<7.5.0)", "pytest-asyncio (>=0.21.1,<0.22.0)", "websockets (>=11.0,<12.0)"]

[[package]]
name = "idna"
version = "3.4"
description = "Internationalized Domain Names in Applications (IDNA)"
optional = false
python-versions = ">=3.5"
files = [
    {file = "idna-3.4-py3-none-any.whl", hash = "sha256:90b77e79eaa3eba6de819a0c442c0b4ceefc341a7a2ab77d7562bf49f425c5c2"},
    {file = "idna-3.4.tar.gz", hash = "sha256:814f528e8dead7d329833b91c5faa87d60bf71824cd12a7530b5526063d02cb4"},
]

[[package]]
name = "interrogate"
version = "1.5.0"
description = "Interrogate a codebase for docstring coverage."
optional = false
python-versions = ">=3.6"
files = [
    {file = "interrogate-1.5.0-py3-none-any.whl", hash = "sha256:a4ccc5cbd727c74acc98dee6f5e79ef264c0bcfa66b68d4e123069b2af89091a"},
    {file = "interrogate-1.5.0.tar.gz", hash = "sha256:b6f325f0aa84ac3ac6779d8708264d366102226c5af7d69058cecffcff7a6d6c"},
]

[package.dependencies]
attrs = "*"
click = ">=7.1"
colorama = "*"
py = "*"
tabulate = "*"
toml = "*"

[package.extras]
dev = ["cairosvg", "pre-commit", "pytest", "pytest-cov", "pytest-mock", "sphinx", "sphinx-autobuild", "wheel"]
docs = ["sphinx", "sphinx-autobuild"]
png = ["cairosvg"]
tests = ["pytest", "pytest-cov", "pytest-mock"]

[[package]]
name = "py"
version = "1.11.0"
description = "library with cross-python path, ini-parsing, io, code, log facilities"
optional = false
python-versions = ">=2.7, !=3.0.*, !=3.1.*, !=3.2.*, !=3.3.*, !=3.4.*"
files = [
    {file = "py-1.11.0-py2.py3-none-any.whl", hash = "sha256:607c53218732647dff4acdfcd50cb62615cedf612e72d1724fb1a0cc6405b378"},
    {file = "py-1.11.0.tar.gz", hash = "sha256:51c75c4126074b472f746a24399ad32f6053d1b34b68d2fa41e558e6f4a98719"},
]

[[package]]
name = "ruff"
version = "0.1.3"
description = "An extremely fast Python linter, written in Rust."
optional = false
python-versions = ">=3.7"
files = [
    {file = "ruff-0.1.3-py3-none-macosx_10_7_x86_64.whl", hash = "sha256:b46d43d51f7061652eeadb426a9e3caa1e0002470229ab2fc19de8a7b0766901"},
    {file = "ruff-0.1.3-py3-none-macosx_10_9_x86_64.macosx_11_0_arm64.macosx_10_9_universal2.whl", hash = "sha256:b8afeb9abd26b4029c72adc9921b8363374f4e7edb78385ffaa80278313a15f9"},
    {file = "ruff-0.1.3-py3-none-manylinux_2_17_aarch64.manylinux2014_aarch64.whl", hash = "sha256:ca3cf365bf32e9ba7e6db3f48a4d3e2c446cd19ebee04f05338bc3910114528b"},
    {file = "ruff-0.1.3-py3-none-manylinux_2_17_armv7l.manylinux2014_armv7l.whl", hash = "sha256:4874c165f96c14a00590dcc727a04dca0cfd110334c24b039458c06cf78a672e"},
    {file = "ruff-0.1.3-py3-none-manylinux_2_17_i686.manylinux2014_i686.whl", hash = "sha256:eec2dd31eed114e48ea42dbffc443e9b7221976554a504767ceaee3dd38edeb8"},
    {file = "ruff-0.1.3-py3-none-manylinux_2_17_ppc64.manylinux2014_ppc64.whl", hash = "sha256:dc3ec4edb3b73f21b4aa51337e16674c752f1d76a4a543af56d7d04e97769613"},
    {file = "ruff-0.1.3-py3-none-manylinux_2_17_ppc64le.manylinux2014_ppc64le.whl", hash = "sha256:2e3de9ed2e39160800281848ff4670e1698037ca039bda7b9274f849258d26ce"},
    {file = "ruff-0.1.3-py3-none-manylinux_2_17_s390x.manylinux2014_s390x.whl", hash = "sha256:1c595193881922cc0556a90f3af99b1c5681f0c552e7a2a189956141d8666fe8"},
    {file = "ruff-0.1.3-py3-none-manylinux_2_17_x86_64.manylinux2014_x86_64.whl", hash = "sha256:0f75e670d529aa2288cd00fc0e9b9287603d95e1536d7a7e0cafe00f75e0dd9d"},
    {file = "ruff-0.1.3-py3-none-musllinux_1_2_aarch64.whl", hash = "sha256:76dd49f6cd945d82d9d4a9a6622c54a994689d8d7b22fa1322983389b4892e20"},
    {file = "ruff-0.1.3-py3-none-musllinux_1_2_armv7l.whl", hash = "sha256:918b454bc4f8874a616f0d725590277c42949431ceb303950e87fef7a7d94cb3"},
    {file = "ruff-0.1.3-py3-none-musllinux_1_2_i686.whl", hash = "sha256:d8859605e729cd5e53aa38275568dbbdb4fe882d2ea2714c5453b678dca83784"},
    {file = "ruff-0.1.3-py3-none-musllinux_1_2_x86_64.whl", hash = "sha256:0b6c55f5ef8d9dd05b230bb6ab80bc4381ecb60ae56db0330f660ea240cb0d4a"},
    {file = "ruff-0.1.3-py3-none-win32.whl", hash = "sha256:3e7afcbdcfbe3399c34e0f6370c30f6e529193c731b885316c5a09c9e4317eef"},
    {file = "ruff-0.1.3-py3-none-win_amd64.whl", hash = "sha256:7a18df6638cec4a5bd75350639b2bb2a2366e01222825562c7346674bdceb7ea"},
    {file = "ruff-0.1.3-py3-none-win_arm64.whl", hash = "sha256:12fd53696c83a194a2db7f9a46337ce06445fb9aa7d25ea6f293cf75b21aca9f"},
    {file = "ruff-0.1.3.tar.gz", hash = "sha256:3ba6145369a151401d5db79f0a47d50e470384d0d89d0d6f7fab0b589ad07c34"},
]

[[package]]
name = "sniffio"
version = "1.3.0"
description = "Sniff out which async library your code is running under"
optional = false
python-versions = ">=3.7"
files = [
    {file = "sniffio-1.3.0-py3-none-any.whl", hash = "sha256:eecefdce1e5bbfb7ad2eeaabf7c1eeb404d7757c379bd1f7e5cce9d8bf425384"},
    {file = "sniffio-1.3.0.tar.gz", hash = "sha256:e60305c5e5d314f5389259b7f22aaa33d8f7dee49763119234af3755c55b9101"},
]

[[package]]
name = "sqlparse"
version = "0.4.4"
description = "A non-validating SQL parser."
optional = false
python-versions = ">=3.5"
files = [
    {file = "sqlparse-0.4.4-py3-none-any.whl", hash = "sha256:5430a4fe2ac7d0f93e66f1efc6e1338a41884b7ddf2a350cedd20ccc4d9d28f3"},
    {file = "sqlparse-0.4.4.tar.gz", hash = "sha256:d446183e84b8349fa3061f0fe7f06ca94ba65b426946ffebe6e3e8295332420c"},
]

[package.extras]
dev = ["build", "flake8"]
doc = ["sphinx"]
test = ["pytest", "pytest-cov"]

[[package]]
name = "tabulate"
version = "0.9.0"
description = "Pretty-print tabular data"
optional = false
python-versions = ">=3.7"
files = [
    {file = "tabulate-0.9.0-py3-none-any.whl", hash = "sha256:024ca478df22e9340661486f85298cff5f6dcdba14f3813e8830015b9ed1948f"},
    {file = "tabulate-0.9.0.tar.gz", hash = "sha256:0095b12bf5966de529c0feb1fa08671671b3368eec77d7ef7ab114be2c068b3c"},
]

[package.extras]
widechars = ["wcwidth"]

[[package]]
name = "toml"
version = "0.10.2"
description = "Python Library for Tom's Obvious, Minimal Language"
optional = false
python-versions = ">=2.6, !=3.0.*, !=3.1.*, !=3.2.*"
files = [
    {file = "toml-0.10.2-py2.py3-none-any.whl", hash = "sha256:806143ae5bfb6a3c6e736a764057db0e6a0e05e338b5630894a5f779cabb4f9b"},
    {file = "toml-0.10.2.tar.gz", hash = "sha256:b3bda1d108d5dd99f4a20d24d9c348e91c4db7ab1b749200bded2f839ccbe68f"},
]

[[package]]
name = "typer"
version = "0.9.0"
description = "Typer, build great CLIs. Easy to code. Based on Python type hints."
optional = false
python-versions = ">=3.6"
files = [
    {file = "typer-0.9.0-py3-none-any.whl", hash = "sha256:5d96d986a21493606a358cae4461bd8cdf83cbf33a5aa950ae629ca3b51467ee"},
    {file = "typer-0.9.0.tar.gz", hash = "sha256:50922fd79aea2f4751a8e0408ff10d2662bd0c8bbfa84755a699f3bada2978b2"},
]

[package.dependencies]
click = ">=7.1.1,<9.0.0"
typing-extensions = ">=3.7.4.3"

[package.extras]
all = ["colorama (>=0.4.3,<0.5.0)", "rich (>=10.11.0,<14.0.0)", "shellingham (>=1.3.0,<2.0.0)"]
dev = ["autoflake (>=1.3.1,<2.0.0)", "flake8 (>=3.8.3,<4.0.0)", "pre-commit (>=2.17.0,<3.0.0)"]
doc = ["cairosvg (>=2.5.2,<3.0.0)", "mdx-include (>=1.4.1,<2.0.0)", "mkdocs (>=1.1.2,<2.0.0)", "mkdocs-material (>=8.1.4,<9.0.0)", "pillow (>=9.3.0,<10.0.0)"]
test = ["black (>=22.3.0,<23.0.0)", "coverage (>=6.2,<7.0)", "isort (>=5.0.6,<6.0.0)", "mypy (==0.910)", "pytest (>=4.4.0,<8.0.0)", "pytest-cov (>=2.10.0,<5.0.0)", "pytest-sugar (>=0.9.4,<0.10.0)", "pytest-xdist (>=1.32.0,<4.0.0)", "rich (>=10.11.0,<14.0.0)", "shellingham (>=1.3.0,<2.0.0)"]

[[package]]
name = "typing-extensions"
version = "4.8.0"
description = "Backported and Experimental Type Hints for Python 3.8+"
optional = false
python-versions = ">=3.8"
files = [
    {file = "typing_extensions-4.8.0-py3-none-any.whl", hash = "sha256:8f92fc8806f9a6b641eaa5318da32b44d401efaac0f6678c9bc448ba3605faa0"},
    {file = "typing_extensions-4.8.0.tar.gz", hash = "sha256:df8e4339e9cb77357558cbdbceca33c303714cf861d1eef15e1070055ae8b7ef"},
]

[[package]]
name = "tzdata"
version = "2023.3"
description = "Provider of IANA time zone data"
optional = false
python-versions = ">=2"
files = [
    {file = "tzdata-2023.3-py2.py3-none-any.whl", hash = "sha256:7e65763eef3120314099b6939b5546db7adce1e7d6f2e179e3df563c70511eda"},
    {file = "tzdata-2023.3.tar.gz", hash = "sha256:11ef1e08e54acb0d4f95bdb1be05da659673de4acbd21bf9c69e94cc5e907a3a"},
]

[[package]]
name = "uvloop"
version = "0.18.0"
description = "Fast implementation of asyncio event loop on top of libuv"
optional = false
python-versions = ">=3.7.0"
files = [
    {file = "uvloop-0.18.0-cp310-cp310-macosx_10_9_universal2.whl", hash = "sha256:1f354d669586fca96a9a688c585b6257706d216177ac457c92e15709acaece10"},
    {file = "uvloop-0.18.0-cp310-cp310-macosx_10_9_x86_64.whl", hash = "sha256:280904236a5b333a273292b3bcdcbfe173690f69901365b973fa35be302d7781"},
    {file = "uvloop-0.18.0-cp310-cp310-manylinux_2_17_aarch64.manylinux2014_aarch64.whl", hash = "sha256:ad79cd30c7e7484bdf6e315f3296f564b3ee2f453134a23ffc80d00e63b3b59e"},
    {file = "uvloop-0.18.0-cp310-cp310-manylinux_2_17_x86_64.manylinux2014_x86_64.whl", hash = "sha256:99deae0504547d04990cc5acf631d9f490108c3709479d90c1dcd14d6e7af24d"},
    {file = "uvloop-0.18.0-cp310-cp310-musllinux_1_1_aarch64.whl", hash = "sha256:edbb4de38535f42f020da1e3ae7c60f2f65402d027a08a8c60dc8569464873a6"},
    {file = "uvloop-0.18.0-cp310-cp310-musllinux_1_1_x86_64.whl", hash = "sha256:54b211c46facb466726b227f350792770fc96593c4ecdfaafe20dc00f3209aef"},
    {file = "uvloop-0.18.0-cp311-cp311-macosx_10_9_universal2.whl", hash = "sha256:25b714f07c68dcdaad6994414f6ec0f2a3b9565524fba181dcbfd7d9598a3e73"},
    {file = "uvloop-0.18.0-cp311-cp311-macosx_10_9_x86_64.whl", hash = "sha256:1121087dfeb46e9e65920b20d1f46322ba299b8d93f7cb61d76c94b5a1adc20c"},
    {file = "uvloop-0.18.0-cp311-cp311-manylinux_2_17_aarch64.manylinux2014_aarch64.whl", hash = "sha256:74020ef8061678e01a40c49f1716b4f4d1cc71190d40633f08a5ef8a7448a5c6"},
    {file = "uvloop-0.18.0-cp311-cp311-manylinux_2_17_x86_64.manylinux2014_x86_64.whl", hash = "sha256:1f4a549cd747e6f4f8446f4b4c8cb79504a8372d5d3a9b4fc20e25daf8e76c05"},
    {file = "uvloop-0.18.0-cp311-cp311-musllinux_1_1_aarch64.whl", hash = "sha256:6132318e1ab84a626639b252137aa8d031a6c0550250460644c32ed997604088"},
    {file = "uvloop-0.18.0-cp311-cp311-musllinux_1_1_x86_64.whl", hash = "sha256:585b7281f9ea25c4a5fa993b1acca4ad3d8bc3f3fe2e393f0ef51b6c1bcd2fe6"},
    {file = "uvloop-0.18.0-cp312-cp312-macosx_10_9_universal2.whl", hash = "sha256:61151cc207cf5fc88863e50de3d04f64ee0fdbb979d0b97caf21cae29130ed78"},
    {file = "uvloop-0.18.0-cp312-cp312-macosx_10_9_x86_64.whl", hash = "sha256:c65585ae03571b73907b8089473419d8c0aff1e3826b3bce153776de56cbc687"},
    {file = "uvloop-0.18.0-cp312-cp312-manylinux_2_17_aarch64.manylinux2014_aarch64.whl", hash = "sha256:e3d301e23984dcbc92d0e42253e0e0571915f0763f1eeaf68631348745f2dccc"},
    {file = "uvloop-0.18.0-cp312-cp312-manylinux_2_17_x86_64.manylinux2014_x86_64.whl", hash = "sha256:680da98f12a7587f76f6f639a8aa7708936a5d17c5e7db0bf9c9d9cbcb616593"},
    {file = "uvloop-0.18.0-cp312-cp312-musllinux_1_1_aarch64.whl", hash = "sha256:75baba0bfdd385c886804970ae03f0172e0d51e51ebd191e4df09b929771b71e"},
    {file = "uvloop-0.18.0-cp312-cp312-musllinux_1_1_x86_64.whl", hash = "sha256:ed3c28337d2fefc0bac5705b9c66b2702dc392f2e9a69badb1d606e7e7f773bb"},
    {file = "uvloop-0.18.0-cp37-cp37m-macosx_10_9_x86_64.whl", hash = "sha256:8849b8ef861431543c07112ad8436903e243cdfa783290cbee3df4ce86d8dd48"},
    {file = "uvloop-0.18.0-cp37-cp37m-manylinux_2_17_aarch64.manylinux2014_aarch64.whl", hash = "sha256:211ce38d84118ae282a91408f61b85cf28e2e65a0a8966b9a97e0e9d67c48722"},
    {file = "uvloop-0.18.0-cp37-cp37m-manylinux_2_17_x86_64.manylinux2014_x86_64.whl", hash = "sha256:b0a8f706b943c198dcedf1f2fb84899002c195c24745e47eeb8f2fb340f7dfc3"},
    {file = "uvloop-0.18.0-cp37-cp37m-musllinux_1_1_aarch64.whl", hash = "sha256:58e44650cbc8607a218caeece5a689f0a2d10be084a69fc32f7db2e8f364927c"},
    {file = "uvloop-0.18.0-cp37-cp37m-musllinux_1_1_x86_64.whl", hash = "sha256:2b8b7cf7806bdc745917f84d833f2144fabcc38e9cd854e6bc49755e3af2b53e"},
    {file = "uvloop-0.18.0-cp38-cp38-macosx_10_9_universal2.whl", hash = "sha256:56c1026a6b0d12b378425e16250acb7d453abaefe7a2f5977143898db6cfe5bd"},
    {file = "uvloop-0.18.0-cp38-cp38-macosx_10_9_x86_64.whl", hash = "sha256:12af0d2e1b16780051d27c12de7e419b9daeb3516c503ab3e98d364cc55303bb"},
    {file = "uvloop-0.18.0-cp38-cp38-manylinux_2_17_aarch64.manylinux2014_aarch64.whl", hash = "sha256:b028776faf9b7a6d0a325664f899e4c670b2ae430265189eb8d76bd4a57d8a6e"},
    {file = "uvloop-0.18.0-cp38-cp38-manylinux_2_17_x86_64.manylinux2014_x86_64.whl", hash = "sha256:53aca21735eee3859e8c11265445925911ffe410974f13304edb0447f9f58420"},
    {file = "uvloop-0.18.0-cp38-cp38-musllinux_1_1_aarch64.whl", hash = "sha256:847f2ed0887047c63da9ad788d54755579fa23f0784db7e752c7cf14cf2e7506"},
    {file = "uvloop-0.18.0-cp38-cp38-musllinux_1_1_x86_64.whl", hash = "sha256:6e20bb765fcac07879cd6767b6dca58127ba5a456149717e0e3b1f00d8eab51c"},
    {file = "uvloop-0.18.0-cp39-cp39-macosx_10_9_universal2.whl", hash = "sha256:e14de8800765b9916d051707f62e18a304cde661fa2b98a58816ca38d2b94029"},
    {file = "uvloop-0.18.0-cp39-cp39-macosx_10_9_x86_64.whl", hash = "sha256:f3b18663efe0012bc4c315f1b64020e44596f5fabc281f5b0d9bc9465288559c"},
    {file = "uvloop-0.18.0-cp39-cp39-manylinux_2_17_aarch64.manylinux2014_aarch64.whl", hash = "sha256:c6d341bc109fb8ea69025b3ec281fcb155d6824a8ebf5486c989ff7748351a37"},
    {file = "uvloop-0.18.0-cp39-cp39-manylinux_2_17_x86_64.manylinux2014_x86_64.whl", hash = "sha256:895a1e3aca2504638a802d0bec2759acc2f43a0291a1dff886d69f8b7baff399"},
    {file = "uvloop-0.18.0-cp39-cp39-musllinux_1_1_aarch64.whl", hash = "sha256:4d90858f32a852988d33987d608bcfba92a1874eb9f183995def59a34229f30d"},
    {file = "uvloop-0.18.0-cp39-cp39-musllinux_1_1_x86_64.whl", hash = "sha256:db1fcbad5deb9551e011ca589c5e7258b5afa78598174ac37a5f15ddcfb4ac7b"},
    {file = "uvloop-0.18.0.tar.gz", hash = "sha256:d5d1135beffe9cd95d0350f19e2716bc38be47d5df296d7cc46e3b7557c0d1ff"},
]

[package.extras]
docs = ["Sphinx (>=4.1.2,<4.2.0)", "sphinx-rtd-theme (>=0.5.2,<0.6.0)", "sphinxcontrib-asyncio (>=0.3.0,<0.4.0)"]
test = ["Cython (>=0.29.36,<0.30.0)", "aiohttp (==3.9.0b0)", "aiohttp (>=3.8.1)", "flake8 (>=5.0,<6.0)", "mypy (>=0.800)", "psutil", "pyOpenSSL (>=23.0.0,<23.1.0)", "pycodestyle (>=2.9.0,<2.10.0)"]

[[package]]
name = "watchfiles"
version = "0.21.0"
description = "Simple, modern and high performance file watching and code reload in python."
optional = false
python-versions = ">=3.8"
files = [
    {file = "watchfiles-0.21.0-cp310-cp310-macosx_10_7_x86_64.whl", hash = "sha256:27b4035013f1ea49c6c0b42d983133b136637a527e48c132d368eb19bf1ac6aa"},
    {file = "watchfiles-0.21.0-cp310-cp310-macosx_11_0_arm64.whl", hash = "sha256:c81818595eff6e92535ff32825f31c116f867f64ff8cdf6562cd1d6b2e1e8f3e"},
    {file = "watchfiles-0.21.0-cp310-cp310-manylinux_2_12_i686.manylinux2010_i686.whl", hash = "sha256:6c107ea3cf2bd07199d66f156e3ea756d1b84dfd43b542b2d870b77868c98c03"},
    {file = "watchfiles-0.21.0-cp310-cp310-manylinux_2_17_aarch64.manylinux2014_aarch64.whl", hash = "sha256:0d9ac347653ebd95839a7c607608703b20bc07e577e870d824fa4801bc1cb124"},
    {file = "watchfiles-0.21.0-cp310-cp310-manylinux_2_17_armv7l.manylinux2014_armv7l.whl", hash = "sha256:5eb86c6acb498208e7663ca22dbe68ca2cf42ab5bf1c776670a50919a56e64ab"},
    {file = "watchfiles-0.21.0-cp310-cp310-manylinux_2_17_ppc64le.manylinux2014_ppc64le.whl", hash = "sha256:f564bf68404144ea6b87a78a3f910cc8de216c6b12a4cf0b27718bf4ec38d303"},
    {file = "watchfiles-0.21.0-cp310-cp310-manylinux_2_17_s390x.manylinux2014_s390x.whl", hash = "sha256:3d0f32ebfaa9c6011f8454994f86108c2eb9c79b8b7de00b36d558cadcedaa3d"},
    {file = "watchfiles-0.21.0-cp310-cp310-manylinux_2_17_x86_64.manylinux2014_x86_64.whl", hash = "sha256:b6d45d9b699ecbac6c7bd8e0a2609767491540403610962968d258fd6405c17c"},
    {file = "watchfiles-0.21.0-cp310-cp310-musllinux_1_1_aarch64.whl", hash = "sha256:aff06b2cac3ef4616e26ba17a9c250c1fe9dd8a5d907d0193f84c499b1b6e6a9"},
    {file = "watchfiles-0.21.0-cp310-cp310-musllinux_1_1_x86_64.whl", hash = "sha256:d9792dff410f266051025ecfaa927078b94cc7478954b06796a9756ccc7e14a9"},
    {file = "watchfiles-0.21.0-cp310-none-win32.whl", hash = "sha256:214cee7f9e09150d4fb42e24919a1e74d8c9b8a9306ed1474ecaddcd5479c293"},
    {file = "watchfiles-0.21.0-cp310-none-win_amd64.whl", hash = "sha256:1ad7247d79f9f55bb25ab1778fd47f32d70cf36053941f07de0b7c4e96b5d235"},
    {file = "watchfiles-0.21.0-cp311-cp311-macosx_10_7_x86_64.whl", hash = "sha256:668c265d90de8ae914f860d3eeb164534ba2e836811f91fecc7050416ee70aa7"},
    {file = "watchfiles-0.21.0-cp311-cp311-macosx_11_0_arm64.whl", hash = "sha256:3a23092a992e61c3a6a70f350a56db7197242f3490da9c87b500f389b2d01eef"},
    {file = "watchfiles-0.21.0-cp311-cp311-manylinux_2_12_i686.manylinux2010_i686.whl", hash = "sha256:e7941bbcfdded9c26b0bf720cb7e6fd803d95a55d2c14b4bd1f6a2772230c586"},
    {file = "watchfiles-0.21.0-cp311-cp311-manylinux_2_17_aarch64.manylinux2014_aarch64.whl", hash = "sha256:11cd0c3100e2233e9c53106265da31d574355c288e15259c0d40a4405cbae317"},
    {file = "watchfiles-0.21.0-cp311-cp311-manylinux_2_17_armv7l.manylinux2014_armv7l.whl", hash = "sha256:d78f30cbe8b2ce770160d3c08cff01b2ae9306fe66ce899b73f0409dc1846c1b"},
    {file = "watchfiles-0.21.0-cp311-cp311-manylinux_2_17_ppc64le.manylinux2014_ppc64le.whl", hash = "sha256:6674b00b9756b0af620aa2a3346b01f8e2a3dc729d25617e1b89cf6af4a54eb1"},
    {file = "watchfiles-0.21.0-cp311-cp311-manylinux_2_17_s390x.manylinux2014_s390x.whl", hash = "sha256:fd7ac678b92b29ba630d8c842d8ad6c555abda1b9ef044d6cc092dacbfc9719d"},
    {file = "watchfiles-0.21.0-cp311-cp311-manylinux_2_17_x86_64.manylinux2014_x86_64.whl", hash = "sha256:9c873345680c1b87f1e09e0eaf8cf6c891b9851d8b4d3645e7efe2ec20a20cc7"},
    {file = "watchfiles-0.21.0-cp311-cp311-musllinux_1_1_aarch64.whl", hash = "sha256:49f56e6ecc2503e7dbe233fa328b2be1a7797d31548e7a193237dcdf1ad0eee0"},
    {file = "watchfiles-0.21.0-cp311-cp311-musllinux_1_1_x86_64.whl", hash = "sha256:02d91cbac553a3ad141db016e3350b03184deaafeba09b9d6439826ee594b365"},
    {file = "watchfiles-0.21.0-cp311-none-win32.whl", hash = "sha256:ebe684d7d26239e23d102a2bad2a358dedf18e462e8808778703427d1f584400"},
    {file = "watchfiles-0.21.0-cp311-none-win_amd64.whl", hash = "sha256:4566006aa44cb0d21b8ab53baf4b9c667a0ed23efe4aaad8c227bfba0bf15cbe"},
    {file = "watchfiles-0.21.0-cp311-none-win_arm64.whl", hash = "sha256:c550a56bf209a3d987d5a975cdf2063b3389a5d16caf29db4bdddeae49f22078"},
    {file = "watchfiles-0.21.0-cp312-cp312-macosx_10_7_x86_64.whl", hash = "sha256:51ddac60b96a42c15d24fbdc7a4bfcd02b5a29c047b7f8bf63d3f6f5a860949a"},
    {file = "watchfiles-0.21.0-cp312-cp312-macosx_11_0_arm64.whl", hash = "sha256:511f0b034120cd1989932bf1e9081aa9fb00f1f949fbd2d9cab6264916ae89b1"},
    {file = "watchfiles-0.21.0-cp312-cp312-manylinux_2_12_i686.manylinux2010_i686.whl", hash = "sha256:cfb92d49dbb95ec7a07511bc9efb0faff8fe24ef3805662b8d6808ba8409a71a"},
    {file = "watchfiles-0.21.0-cp312-cp312-manylinux_2_17_aarch64.manylinux2014_aarch64.whl", hash = "sha256:3f92944efc564867bbf841c823c8b71bb0be75e06b8ce45c084b46411475a915"},
    {file = "watchfiles-0.21.0-cp312-cp312-manylinux_2_17_armv7l.manylinux2014_armv7l.whl", hash = "sha256:642d66b75eda909fd1112d35c53816d59789a4b38c141a96d62f50a3ef9b3360"},
    {file = "watchfiles-0.21.0-cp312-cp312-manylinux_2_17_ppc64le.manylinux2014_ppc64le.whl", hash = "sha256:d23bcd6c8eaa6324fe109d8cac01b41fe9a54b8c498af9ce464c1aeeb99903d6"},
    {file = "watchfiles-0.21.0-cp312-cp312-manylinux_2_17_s390x.manylinux2014_s390x.whl", hash = "sha256:18d5b4da8cf3e41895b34e8c37d13c9ed294954907929aacd95153508d5d89d7"},
    {file = "watchfiles-0.21.0-cp312-cp312-manylinux_2_17_x86_64.manylinux2014_x86_64.whl", hash = "sha256:1b8d1eae0f65441963d805f766c7e9cd092f91e0c600c820c764a4ff71a0764c"},
    {file = "watchfiles-0.21.0-cp312-cp312-musllinux_1_1_aarch64.whl", hash = "sha256:1fd9a5205139f3c6bb60d11f6072e0552f0a20b712c85f43d42342d162be1235"},
    {file = "watchfiles-0.21.0-cp312-cp312-musllinux_1_1_x86_64.whl", hash = "sha256:a1e3014a625bcf107fbf38eece0e47fa0190e52e45dc6eee5a8265ddc6dc5ea7"},
    {file = "watchfiles-0.21.0-cp312-none-win32.whl", hash = "sha256:9d09869f2c5a6f2d9df50ce3064b3391d3ecb6dced708ad64467b9e4f2c9bef3"},
    {file = "watchfiles-0.21.0-cp312-none-win_amd64.whl", hash = "sha256:18722b50783b5e30a18a8a5db3006bab146d2b705c92eb9a94f78c72beb94094"},
    {file = "watchfiles-0.21.0-cp312-none-win_arm64.whl", hash = "sha256:a3b9bec9579a15fb3ca2d9878deae789df72f2b0fdaf90ad49ee389cad5edab6"},
    {file = "watchfiles-0.21.0-cp38-cp38-macosx_10_7_x86_64.whl", hash = "sha256:4ea10a29aa5de67de02256a28d1bf53d21322295cb00bd2d57fcd19b850ebd99"},
    {file = "watchfiles-0.21.0-cp38-cp38-macosx_11_0_arm64.whl", hash = "sha256:40bca549fdc929b470dd1dbfcb47b3295cb46a6d2c90e50588b0a1b3bd98f429"},
    {file = "watchfiles-0.21.0-cp38-cp38-manylinux_2_12_i686.manylinux2010_i686.whl", hash = "sha256:9b37a7ba223b2f26122c148bb8d09a9ff312afca998c48c725ff5a0a632145f7"},
    {file = "watchfiles-0.21.0-cp38-cp38-manylinux_2_17_aarch64.manylinux2014_aarch64.whl", hash = "sha256:ec8c8900dc5c83650a63dd48c4d1d245343f904c4b64b48798c67a3767d7e165"},
    {file = "watchfiles-0.21.0-cp38-cp38-manylinux_2_17_armv7l.manylinux2014_armv7l.whl", hash = "sha256:8ad3fe0a3567c2f0f629d800409cd528cb6251da12e81a1f765e5c5345fd0137"},
    {file = "watchfiles-0.21.0-cp38-cp38-manylinux_2_17_ppc64le.manylinux2014_ppc64le.whl", hash = "sha256:9d353c4cfda586db2a176ce42c88f2fc31ec25e50212650c89fdd0f560ee507b"},
    {file = "watchfiles-0.21.0-cp38-cp38-manylinux_2_17_s390x.manylinux2014_s390x.whl", hash = "sha256:83a696da8922314ff2aec02987eefb03784f473281d740bf9170181829133765"},
    {file = "watchfiles-0.21.0-cp38-cp38-manylinux_2_17_x86_64.manylinux2014_x86_64.whl", hash = "sha256:5a03651352fc20975ee2a707cd2d74a386cd303cc688f407296064ad1e6d1562"},
    {file = "watchfiles-0.21.0-cp38-cp38-musllinux_1_1_aarch64.whl", hash = "sha256:3ad692bc7792be8c32918c699638b660c0de078a6cbe464c46e1340dadb94c19"},
    {file = "watchfiles-0.21.0-cp38-cp38-musllinux_1_1_x86_64.whl", hash = "sha256:06247538e8253975bdb328e7683f8515ff5ff041f43be6c40bff62d989b7d0b0"},
    {file = "watchfiles-0.21.0-cp38-none-win32.whl", hash = "sha256:9a0aa47f94ea9a0b39dd30850b0adf2e1cd32a8b4f9c7aa443d852aacf9ca214"},
    {file = "watchfiles-0.21.0-cp38-none-win_amd64.whl", hash = "sha256:8d5f400326840934e3507701f9f7269247f7c026d1b6cfd49477d2be0933cfca"},
    {file = "watchfiles-0.21.0-cp39-cp39-macosx_10_7_x86_64.whl", hash = "sha256:7f762a1a85a12cc3484f77eee7be87b10f8c50b0b787bb02f4e357403cad0c0e"},
    {file = "watchfiles-0.21.0-cp39-cp39-macosx_11_0_arm64.whl", hash = "sha256:6e9be3ef84e2bb9710f3f777accce25556f4a71e15d2b73223788d528fcc2052"},
    {file = "watchfiles-0.21.0-cp39-cp39-manylinux_2_12_i686.manylinux2010_i686.whl", hash = "sha256:4c48a10d17571d1275701e14a601e36959ffada3add8cdbc9e5061a6e3579a5d"},
    {file = "watchfiles-0.21.0-cp39-cp39-manylinux_2_17_aarch64.manylinux2014_aarch64.whl", hash = "sha256:6c889025f59884423428c261f212e04d438de865beda0b1e1babab85ef4c0f01"},
    {file = "watchfiles-0.21.0-cp39-cp39-manylinux_2_17_armv7l.manylinux2014_armv7l.whl", hash = "sha256:66fac0c238ab9a2e72d026b5fb91cb902c146202bbd29a9a1a44e8db7b710b6f"},
    {file = "watchfiles-0.21.0-cp39-cp39-manylinux_2_17_ppc64le.manylinux2014_ppc64le.whl", hash = "sha256:b4a21f71885aa2744719459951819e7bf5a906a6448a6b2bbce8e9cc9f2c8128"},
    {file = "watchfiles-0.21.0-cp39-cp39-manylinux_2_17_s390x.manylinux2014_s390x.whl", hash = "sha256:1c9198c989f47898b2c22201756f73249de3748e0fc9de44adaf54a8b259cc0c"},
    {file = "watchfiles-0.21.0-cp39-cp39-manylinux_2_17_x86_64.manylinux2014_x86_64.whl", hash = "sha256:d8f57c4461cd24fda22493109c45b3980863c58a25b8bec885ca8bea6b8d4b28"},
    {file = "watchfiles-0.21.0-cp39-cp39-musllinux_1_1_aarch64.whl", hash = "sha256:853853cbf7bf9408b404754b92512ebe3e3a83587503d766d23e6bf83d092ee6"},
    {file = "watchfiles-0.21.0-cp39-cp39-musllinux_1_1_x86_64.whl", hash = "sha256:d5b1dc0e708fad9f92c296ab2f948af403bf201db8fb2eb4c8179db143732e49"},
    {file = "watchfiles-0.21.0-cp39-none-win32.whl", hash = "sha256:59137c0c6826bd56c710d1d2bda81553b5e6b7c84d5a676747d80caf0409ad94"},
    {file = "watchfiles-0.21.0-cp39-none-win_amd64.whl", hash = "sha256:6cb8fdc044909e2078c248986f2fc76f911f72b51ea4a4fbbf472e01d14faa58"},
    {file = "watchfiles-0.21.0-pp310-pypy310_pp73-macosx_10_7_x86_64.whl", hash = "sha256:ab03a90b305d2588e8352168e8c5a1520b721d2d367f31e9332c4235b30b8994"},
    {file = "watchfiles-0.21.0-pp310-pypy310_pp73-macosx_11_0_arm64.whl", hash = "sha256:927c589500f9f41e370b0125c12ac9e7d3a2fd166b89e9ee2828b3dda20bfe6f"},
    {file = "watchfiles-0.21.0-pp310-pypy310_pp73-manylinux_2_17_aarch64.manylinux2014_aarch64.whl", hash = "sha256:1bd467213195e76f838caf2c28cd65e58302d0254e636e7c0fca81efa4a2e62c"},
    {file = "watchfiles-0.21.0-pp310-pypy310_pp73-manylinux_2_17_x86_64.manylinux2014_x86_64.whl", hash = "sha256:02b73130687bc3f6bb79d8a170959042eb56eb3a42df3671c79b428cd73f17cc"},
    {file = "watchfiles-0.21.0-pp38-pypy38_pp73-macosx_10_7_x86_64.whl", hash = "sha256:08dca260e85ffae975448e344834d765983237ad6dc308231aa16e7933db763e"},
    {file = "watchfiles-0.21.0-pp38-pypy38_pp73-macosx_11_0_arm64.whl", hash = "sha256:3ccceb50c611c433145502735e0370877cced72a6c70fd2410238bcbc7fe51d8"},
    {file = "watchfiles-0.21.0-pp38-pypy38_pp73-manylinux_2_17_aarch64.manylinux2014_aarch64.whl", hash = "sha256:57d430f5fb63fea141ab71ca9c064e80de3a20b427ca2febcbfcef70ff0ce895"},
    {file = "watchfiles-0.21.0-pp38-pypy38_pp73-manylinux_2_17_x86_64.manylinux2014_x86_64.whl", hash = "sha256:0dd5fad9b9c0dd89904bbdea978ce89a2b692a7ee8a0ce19b940e538c88a809c"},
    {file = "watchfiles-0.21.0-pp39-pypy39_pp73-macosx_10_7_x86_64.whl", hash = "sha256:be6dd5d52b73018b21adc1c5d28ac0c68184a64769052dfeb0c5d9998e7f56a2"},
    {file = "watchfiles-0.21.0-pp39-pypy39_pp73-macosx_11_0_arm64.whl", hash = "sha256:b3cab0e06143768499384a8a5efb9c4dc53e19382952859e4802f294214f36ec"},
    {file = "watchfiles-0.21.0-pp39-pypy39_pp73-manylinux_2_17_aarch64.manylinux2014_aarch64.whl", hash = "sha256:8c6ed10c2497e5fedadf61e465b3ca12a19f96004c15dcffe4bd442ebadc2d85"},
    {file = "watchfiles-0.21.0-pp39-pypy39_pp73-manylinux_2_17_x86_64.manylinux2014_x86_64.whl", hash = "sha256:43babacef21c519bc6631c5fce2a61eccdfc011b4bcb9047255e9620732c8097"},
    {file = "watchfiles-0.21.0.tar.gz", hash = "sha256:c76c635fabf542bb78524905718c39f736a98e5ab25b23ec6d4abede1a85a6a3"},
]

[package.dependencies]
anyio = ">=3.0.0"

[metadata]
lock-version = "2.0"
python-versions = "^3.12"
content-hash = "17f4f610fc5a2ad5705193ac7c6ec4fb59284eb055ff2b9366781c8cb52b6225"
